
Microsoft Visual Studio Solution File, Format Version 12.00
# Visual Studio Version 16
VisualStudioVersion = 16.0.32002.261
MinimumVisualStudioVersion = 10.0.40219.1
Project("{FAE04EC0-301F-11D3-BF4B-00C04F79EFBC}") = "Library.Authors", "Library.Authors\Library.Authors.csproj", "{47F7E8E6-7901-41B4-BC71-2D020F84DE30}"
EndProject
Project("{FAE04EC0-301F-11D3-BF4B-00C04F79EFBC}") = "Library.Models", "Library.Models\Library.Models.csproj", "{0A7FD8F2-44E2-45BA-98F0-D2DE7A73E841}"
EndProject
Project("{FAE04EC0-301F-11D3-BF4B-00C04F79EFBC}") = "Library.Data", "Library.Data\Library.Data.csproj", "{51763B8C-8BAC-4041-9D30-98DBFF2B8D3A}"
EndProject
Global
	GlobalSection(SolutionConfigurationPlatforms) = preSolution
		Debug|Any CPU = Debug|Any CPU
		Release|Any CPU = Release|Any CPU
	EndGlobalSection
	GlobalSection(ProjectConfigurationPlatforms) = postSolution
		{47F7E8E6-7901-41B4-BC71-2D020F84DE30}.Debug|Any CPU.ActiveCfg = Debug|Any CPU
		{47F7E8E6-7901-41B4-BC71-2D020F84DE30}.Debug|Any CPU.Build.0 = Debug|Any CPU
		{47F7E8E6-7901-41B4-BC71-2D020F84DE30}.Release|Any CPU.ActiveCfg = Release|Any CPU
		{47F7E8E6-7901-41B4-BC71-2D020F84DE30}.Release|Any CPU.Build.0 = Release|Any CPU
		{0A7FD8F2-44E2-45BA-98F0-D2DE7A73E841}.Debug|Any CPU.ActiveCfg = Debug|Any CPU
		{0A7FD8F2-44E2-45BA-98F0-D2DE7A73E841}.Debug|Any CPU.Build.0 = Debug|Any CPU
		{0A7FD8F2-44E2-45BA-98F0-D2DE7A73E841}.Release|Any CPU.ActiveCfg = Release|Any CPU
		{0A7FD8F2-44E2-45BA-98F0-D2DE7A73E841}.Release|Any CPU.Build.0 = Release|Any CPU
		{51763B8C-8BAC-4041-9D30-98DBFF2B8D3A}.Debug|Any CPU.ActiveCfg = Debug|Any CPU
		{51763B8C-8BAC-4041-9D30-98DBFF2B8D3A}.Debug|Any CPU.Build.0 = Debug|Any CPU
		{51763B8C-8BAC-4041-9D30-98DBFF2B8D3A}.Release|Any CPU.ActiveCfg = Release|Any CPU
		{51763B8C-8BAC-4041-9D30-98DBFF2B8D3A}.Release|Any CPU.Build.0 = Release|Any CPU
	EndGlobalSection
	GlobalSection(SolutionProperties) = preSolution
		HideSolutionNode = FALSE
	EndGlobalSection
	GlobalSection(ExtensibilityGlobals) = postSolution
		SolutionGuid = {06CAC528-28D8-4048-9A30-6EC646945259}
	EndGlobalSection
EndGlobal
